# This is a Gradle generated file for dependency locking.
# Manual edits can break the build and are not advised.
# This file is expected to be part of source control.
ch.qos.logback:logback-classic:1.4.4=compileClasspath,runtimeClasspath
ch.qos.logback:logback-core:1.4.4=compileClasspath,runtimeClasspath
com.fasterxml.jackson.core:jackson-core:2.13.4=compileClasspath,runtimeClasspath
com.fasterxml.jackson:jackson-bom:2.13.4=compileClasspath,runtimeClasspath
com.hazelcast:hazelcast:4.2.2=compileClasspath,runtimeClasspath
commons-lang:commons-lang:2.6=compileClasspath,runtimeClasspath
io.netty:netty-buffer:4.1.82.Final=compileClasspath,runtimeClasspath
io.netty:netty-codec-dns:4.1.82.Final=compileClasspath,runtimeClasspath
io.netty:netty-codec-http2:4.1.82.Final=compileClasspath,runtimeClasspath
io.netty:netty-codec-http:4.1.82.Final=compileClasspath,runtimeClasspath
io.netty:netty-codec-mqtt:4.1.82.Final=compileClasspath,runtimeClasspath
io.netty:netty-codec-socks:4.1.82.Final=compileClasspath,runtimeClasspath
io.netty:netty-codec:4.1.82.Final=compileClasspath,runtimeClasspath
io.netty:netty-common:4.1.82.Final=compileClasspath,runtimeClasspath
io.netty:netty-handler-proxy:4.1.82.Final=compileClasspath,runtimeClasspath
io.netty:netty-handler:4.1.82.Final=compileClasspath,runtimeClasspath
io.netty:netty-resolver-dns:4.1.82.Final=compileClasspath,runtimeClasspath
io.netty:netty-resolver:4.1.82.Final=compileClasspath,runtimeClasspath
io.netty:netty-transport-native-unix-common:4.1.82.Final=compileClasspath,runtimeClasspath
io.netty:netty-transport:4.1.82.Final=compileClasspath,runtimeClasspath
io.pebbletemplates:pebble:3.1.5=compileClasspath,runtimeClasspath
io.vertx:vertx-auth-common:4.3.4=compileClasspath,runtimeClasspath
io.vertx:vertx-auth-oauth2:4.3.4=compileClasspath,runtimeClasspath
io.vertx:vertx-bridge-common:4.3.4=compileClasspath,runtimeClasspath
io.vertx:vertx-config:4.3.4=compileClasspath,runtimeClasspath
io.vertx:vertx-core:4.3.4=compileClasspath,runtimeClasspath
io.vertx:vertx-hazelcast:4.3.4=compileClasspath,runtimeClasspath
io.vertx:vertx-health-check:4.3.4=compileClasspath,runtimeClasspath
io.vertx:vertx-lang-kotlin:4.3.4=compileClasspath,runtimeClasspath
io.vertx:vertx-mqtt:4.3.4=compileClasspath,runtimeClasspath
io.vertx:vertx-mysql-client:4.3.4=compileClasspath,runtimeClasspath
io.vertx:vertx-pg-client:4.3.4=compileClasspath,runtimeClasspath
io.vertx:vertx-service-proxy:4.3.4=compileClasspath,runtimeClasspath
io.vertx:vertx-sockjs-service-proxy:4.3.4=compileClasspath,runtimeClasspath
io.vertx:vertx-sql-client:4.3.4=compileClasspath,runtimeClasspath
io.vertx:vertx-stack-depchain:4.3.4=compileClasspath,runtimeClasspath
io.vertx:vertx-tcp-eventbus-bridge:4.3.4=compileClasspath,runtimeClasspath
io.vertx:vertx-uri-template:4.3.4=compileClasspath,runtimeClasspath
io.vertx:vertx-web-client:4.3.4=compileClasspath,runtimeClasspath
io.vertx:vertx-web-common:4.3.4=compileClasspath,runtimeClasspath
io.vertx:vertx-web-templ-pebble:4.3.4=compileClasspath,runtimeClasspath
io.vertx:vertx-web:4.3.4=compileClasspath,runtimeClasspath
org.jetbrains.kotlin:kotlin-stdlib-common:1.7.20=compileClasspath,runtimeClasspath
org.jetbrains.kotlin:kotlin-stdlib-jdk7:1.7.20=compileClasspath,runtimeClasspath
org.jetbrains.kotlin:kotlin-stdlib-jdk8:1.7.20=compileClasspath,runtimeClasspath
org.jetbrains.kotlin:kotlin-stdlib:1.7.20=compileClasspath,runtimeClasspath
org.jetbrains:annotations:13.0=compileClasspath,runtimeClasspath
org.slf4j:slf4j-api:2.0.3=compileClasspath,runtimeClasspath
org.unbescape:unbescape:1.1.6.RELEASE=compileClasspath,runtimeClasspath
empty=
